
Microsoft Visual Studio Solution File, Format Version 12.00
# Visual Studio Version 16
VisualStudioVersion = 16.0.29911.84
MinimumVisualStudioVersion = 10.0.40219.1
Project("{FAE04EC0-301F-11D3-BF4B-00C04F79EFBC}") = "arduinoServer", "arduinoServer\arduinoServer.csproj", "{203817C8-165E-4273-A8B8-7E2A4F248E1A}"
EndProject
Global
	GlobalSection(SolutionConfigurationPlatforms) = preSolution
		Debug|Any CPU = Debug|Any CPU
		Release|Any CPU = Release|Any CPU
	EndGlobalSection
	GlobalSection(ProjectConfigurationPlatforms) = postSolution
		{203817C8-165E-4273-A8B8-7E2A4F248E1A}.Debug|Any CPU.ActiveCfg = Debug|Any CPU
		{203817C8-165E-4273-A8B8-7E2A4F248E1A}.Debug|Any CPU.Build.0 = Debug|Any CPU
		{203817C8-165E-4273-A8B8-7E2A4F248E1A}.Release|Any CPU.ActiveCfg = Release|Any CPU
		{203817C8-165E-4273-A8B8-7E2A4F248E1A}.Release|Any CPU.Build.0 = Release|Any CPU
	EndGlobalSection
	GlobalSection(SolutionProperties) = preSolution
		HideSolutionNode = FALSE
	EndGlobalSection
	GlobalSection(ExtensibilityGlobals) = postSolution
		SolutionGuid = {BE2273A1-DE50-4F0F-B96B-28418522BFB2}
	EndGlobalSection
EndGlobal
