
Microsoft Visual Studio Solution File, Format Version 12.00
# Visual Studio 15
VisualStudioVersion = 15.0.28307.1684
MinimumVisualStudioVersion = 10.0.40219.1
Project("{FAE04EC0-301F-11D3-BF4B-00C04F79EFBC}") = "arduinoServer", "arduinoServer\arduinoServer.csproj", "{203817C8-165E-4273-A8B8-7E2A4F248E1A}"
EndProject
Project("{FAE04EC0-301F-11D3-BF4B-00C04F79EFBC}") = "testSerailPort", "testSerailPort\testSerailPort.csproj", "{92266E0E-B237-4C45-B98A-78A9CB8C3CAE}"
EndProject
Project("{FAE04EC0-301F-11D3-BF4B-00C04F79EFBC}") = "ArduinoDriverHelper", "ArduinoDriverHelper\ArduinoDriverHelper.csproj", "{995055F9-162E-44CA-B9ED-FED9D4FEB764}"
EndProject
Global
	GlobalSection(SolutionConfigurationPlatforms) = preSolution
		Debug|Any CPU = Debug|Any CPU
		Release|Any CPU = Release|Any CPU
	EndGlobalSection
	GlobalSection(ProjectConfigurationPlatforms) = postSolution
		{203817C8-165E-4273-A8B8-7E2A4F248E1A}.Debug|Any CPU.ActiveCfg = Debug|Any CPU
		{203817C8-165E-4273-A8B8-7E2A4F248E1A}.Debug|Any CPU.Build.0 = Debug|Any CPU
		{203817C8-165E-4273-A8B8-7E2A4F248E1A}.Release|Any CPU.ActiveCfg = Release|Any CPU
		{203817C8-165E-4273-A8B8-7E2A4F248E1A}.Release|Any CPU.Build.0 = Release|Any CPU
		{92266E0E-B237-4C45-B98A-78A9CB8C3CAE}.Debug|Any CPU.ActiveCfg = Debug|Any CPU
		{92266E0E-B237-4C45-B98A-78A9CB8C3CAE}.Debug|Any CPU.Build.0 = Debug|Any CPU
		{92266E0E-B237-4C45-B98A-78A9CB8C3CAE}.Release|Any CPU.ActiveCfg = Release|Any CPU
		{92266E0E-B237-4C45-B98A-78A9CB8C3CAE}.Release|Any CPU.Build.0 = Release|Any CPU
		{995055F9-162E-44CA-B9ED-FED9D4FEB764}.Debug|Any CPU.ActiveCfg = Debug|Any CPU
		{995055F9-162E-44CA-B9ED-FED9D4FEB764}.Debug|Any CPU.Build.0 = Debug|Any CPU
		{995055F9-162E-44CA-B9ED-FED9D4FEB764}.Release|Any CPU.ActiveCfg = Release|Any CPU
		{995055F9-162E-44CA-B9ED-FED9D4FEB764}.Release|Any CPU.Build.0 = Release|Any CPU
	EndGlobalSection
	GlobalSection(SolutionProperties) = preSolution
		HideSolutionNode = FALSE
	EndGlobalSection
	GlobalSection(ExtensibilityGlobals) = postSolution
		SolutionGuid = {BE2273A1-DE50-4F0F-B96B-28418522BFB2}
	EndGlobalSection
EndGlobal
